
Microsoft Visual Studio Solution File, Format Version 12.00
# Visual Studio Version 17
VisualStudioVersion = 17.0.31903.59
MinimumVisualStudioVersion = 10.0.40219.1
Project("{FAE04EC0-301F-11D3-BF4B-00C04F79EFBC}") = "MAPI", "MAPI.csproj", "{8F6A5C7D-1E3B-4A2F-9C8D-5E6F7A8B9C0D}"
EndProject
Global
	GlobalSection(SolutionConfigurationPlatforms) = preSolution
		Mono|Any CPU = Mono|Any CPU
		Il2cpp|Any CPU = Il2cpp|Any CPU
	EndGlobalSection
	GlobalSection(ProjectConfigurationPlatforms) = postSolution
		{8F6A5C7D-1E3B-4A2F-9C8D-5E6F7A8B9C0D}.Mono|Any CPU.ActiveCfg = Mono|Any CPU
		{8F6A5C7D-1E3B-4A2F-9C8D-5E6F7A8B9C0D}.Il2cpp|Any CPU.ActiveCfg = Il2cpp|Any CPU
		{8F6A5C7D-1E3B-4A2F-9C8D-5E6F7A8B9C0D}.Il2cpp|Any CPU.Build.0 = Il2cpp|Any CPU
		{8F6A5C7D-1E3B-4A2F-9C8D-5E6F7A8B9C0D}.Mono|Any CPU.Build.0 = Mono|Any CPU
		{8F6A5C7D-1E3B-4A2F-9C8D-5E6F7A8B9C0D}.Mono|Any CPU.Deploy.0 = Mono|Any CPU
	EndGlobalSection
EndGlobal
